<?xml version="1.0" encoding="UTF-8" standalone="yes" ?>
<CodeBlocks_project_file>
	<FileVersion major="1" minor="6" />
	<Project>
		<Option title="smoothly" />
		<Option makefile_is_custom="1" />
		<Option pch_mode="2" />
		<Option compiler="gcc" />
		<Build>
			<Target title="Debug">
				<Option output="bin/Debug/smoothly" prefix_auto="1" extension_auto="1" />
				<Option working_dir="/home/ubuntu/project/irrlicht/bin/" />
				<Option object_output="obj/Debug/" />
				<Option type="1" />
				<Option compiler="gcc" />
				<Compiler>
					<Add option="-g" />
				</Compiler>
			</Target>
			<Target title="Release">
				<Option output="bin/Release/smoothly" prefix_auto="1" extension_auto="1" />
				<Option working_dir="/home/ubuntu/project/irrlicht/bin/" />
				<Option object_output="obj/Release/" />
				<Option type="0" />
				<Option compiler="gcc" />
				<Compiler>
					<Add option="-O2" />
				</Compiler>
				<Linker>
					<Add option="-s" />
				</Linker>
			</Target>
		</Build>
		<Compiler>
			<Add option="-Wall" />
			<Add directory="/home/ubuntu/project/irrlicht/include" />
		</Compiler>
		<Linker>
			<Add library="Irrlicht" />
			<Add library="GL" />
			<Add library="GLU" />
			<Add library="Xxf86vm" />
			<Add directory="/home/ubuntu/project/irrlicht/lib/" />
		</Linker>
		<Unit filename="src/RealisticWater.cpp" />
		<Unit filename="src/RealisticWater.h" />
		<Unit filename="src/SimplexNoise.cpp" />
		<Unit filename="src/SimplexNoise.h" />
		<Unit filename="src/admin.cpp" />
		<Unit filename="src/attaching.cpp" />
		<Unit filename="src/attaching.h" />
		<Unit filename="src/bone.cpp" />
		<Unit filename="src/building.cpp" />
		<Unit filename="src/building.h" />
		<Unit filename="src/cJSON.c">
			<Option compilerVar="CC" />
		</Unit>
		<Unit filename="src/cJSON.h" />
		<Unit filename="src/cache.h" />
		<Unit filename="src/character.h" />
		<Unit filename="src/client.cpp" />
		<Unit filename="src/clientNetwork.cpp" />
		<Unit filename="src/clientNetwork.h" />
		<Unit filename="src/control.cpp" />
		<Unit filename="src/control.h" />
		<Unit filename="src/controlChannel.h" />
		<Unit filename="src/createTerrainMesh.cpp" />
		<Unit filename="src/dblist.cpp" />
		<Unit filename="src/dblist.h" />
		<Unit filename="src/game.cpp" />
		<Unit filename="src/game.h" />
		<Unit filename="src/graphServer.cpp" />
		<Unit filename="src/graphServer.h" />
		<Unit filename="src/hbb.cpp" />
		<Unit filename="src/hbb.h" />
		<Unit filename="src/hbb_test.cpp" />
		<Unit filename="src/main.cpp" />
		<Unit filename="src/mempool.h" />
		<Unit filename="src/miniconf.h" />
		<Unit filename="src/mods.cpp" />
		<Unit filename="src/mods.h" />
		<Unit filename="src/nameLocker.h" />
		<Unit filename="src/perlin.cpp" />
		<Unit filename="src/perlin.h" />
		<Unit filename="src/physical.cpp" />
		<Unit filename="src/physical.h" />
		<Unit filename="src/remoteGraph.cpp" />
		<Unit filename="src/remoteGraph.h" />
		<Unit filename="src/remoteGraph_test.cpp" />
		<Unit filename="src/removeTable.cpp" />
		<Unit filename="src/removeTable.h" />
		<Unit filename="src/server.cpp" />
		<Unit filename="src/serverCallback.cpp" />
		<Unit filename="src/serverMod.cpp" />
		<Unit filename="src/serverMod.h" />
		<Unit filename="src/serverNetwork.cpp" />
		<Unit filename="src/serverNetwork.h" />
		<Unit filename="src/subsChanging.cpp" />
		<Unit filename="src/subsChanging.h" />
		<Unit filename="src/subsServer.cpp" />
		<Unit filename="src/subsServer.h" />
		<Unit filename="src/subsani.cpp" />
		<Unit filename="src/subsani.h" />
		<Unit filename="src/subsapi.cpp" />
		<Unit filename="src/subsapi.h" />
		<Unit filename="src/substance.cpp" />
		<Unit filename="src/substance.h" />
		<Unit filename="src/terrain.cpp" />
		<Unit filename="src/terrain.h" />
		<Unit filename="src/user.cpp" />
		<Unit filename="src/user.h" />
		<Unit filename="src/userServer.h" />
		<Unit filename="src/utils.h" />
		<Unit filename="src/uuid.h" />
		<Unit filename="src/view.cpp" />
		<Unit filename="src/view.h" />
		<Unit filename="src/watch.cpp" />
		<Unit filename="src/watch.h" />
		<Extensions>
			<code_completion />
			<debugger />
		</Extensions>
	</Project>
</CodeBlocks_project_file>
